
Microsoft Visual Studio Solution File, Format Version 12.00
# Visual Studio Version 17
VisualStudioVersion = 17.1.31911.260
MinimumVisualStudioVersion = 10.0.40219.1
Project("{FAE04EC0-301F-11D3-BF4B-00C04F79EFBC}") = "SignalRServer", "SignalRServer\SignalRServer.csproj", "{83CAABE5-8204-4E7E-9F1F-2E7A5F31DE2B}"
EndProject
Global
	GlobalSection(SolutionConfigurationPlatforms) = preSolution
		Debug|Any CPU = Debug|Any CPU
		Release|Any CPU = Release|Any CPU
	EndGlobalSection
	GlobalSection(ProjectConfigurationPlatforms) = postSolution
		{83CAABE5-8204-4E7E-9F1F-2E7A5F31DE2B}.Debug|Any CPU.ActiveCfg = Debug|Any CPU
		{83CAABE5-8204-4E7E-9F1F-2E7A5F31DE2B}.Debug|Any CPU.Build.0 = Debug|Any CPU
		{83CAABE5-8204-4E7E-9F1F-2E7A5F31DE2B}.Release|Any CPU.ActiveCfg = Release|Any CPU
		{83CAABE5-8204-4E7E-9F1F-2E7A5F31DE2B}.Release|Any CPU.Build.0 = Release|Any CPU
	EndGlobalSection
	GlobalSection(SolutionProperties) = preSolution
		HideSolutionNode = FALSE
	EndGlobalSection
	GlobalSection(ExtensibilityGlobals) = postSolution
		SolutionGuid = {22ACFBAE-D7F7-45ED-A664-3BF328339ED7}
	EndGlobalSection
EndGlobal
